github.com/brentp/irelate v0.0.1 h1:uVK5yw9XaDzi+04zbob4q9K6u2e5dcdqH7UO1+6Keo0=
github.com/brentp/irelate v0.0.1/go.mod h1:Ct+JzyZC+JSi9WUkw3IGWc/j0yYEt4235wKCfLOKN54=
github.com/brentp/vcfgo v0.0.0-20240930171553-9739269bd784 h1:/gbU2LzhJ5t1dNU+7USxAioR8zIuNAhI2TxSi26MaFI=
github.com/brentp/vcfgo v0.0.0-20240930171553-9739269bd784/go.mod h1:DDMWmbbsIQXT6k6RvgvlI1AGtjaYVr5de1c+ATUw9ls=
